
Microsoft Visual Studio Solution File, Format Version 12.00
# Visual Studio Version 16
VisualStudioVersion = 16.0.30320.27
MinimumVisualStudioVersion = 10.0.40219.1
Project("{FAE04EC0-301F-11D3-BF4B-00C04F79EFBC}") = "API_Edux", "API_Edux.csproj", "{10D242D5-140F-454D-98A8-55ED9059DB96}"
EndProject
Global
	GlobalSection(SolutionConfigurationPlatforms) = preSolution
		Debug|Any CPU = Debug|Any CPU
		Release|Any CPU = Release|Any CPU
	EndGlobalSection
	GlobalSection(ProjectConfigurationPlatforms) = postSolution
		{10D242D5-140F-454D-98A8-55ED9059DB96}.Debug|Any CPU.ActiveCfg = Debug|Any CPU
		{10D242D5-140F-454D-98A8-55ED9059DB96}.Debug|Any CPU.Build.0 = Debug|Any CPU
		{10D242D5-140F-454D-98A8-55ED9059DB96}.Release|Any CPU.ActiveCfg = Release|Any CPU
		{10D242D5-140F-454D-98A8-55ED9059DB96}.Release|Any CPU.Build.0 = Release|Any CPU
	EndGlobalSection
	GlobalSection(SolutionProperties) = preSolution
		HideSolutionNode = FALSE
	EndGlobalSection
	GlobalSection(ExtensibilityGlobals) = postSolution
		SolutionGuid = {E4C7F5ED-B01B-4881-9026-C9EF7EA87B47}
	EndGlobalSection
EndGlobal
